github.com/bingoohuang/godaemon v0.0.0-20230707135107-08ddcb884db5 h1:UC7AqNKDmxgE9DYjo+gB9XxocUO+JDuWNuPxREYDNG8=
github.com/bingoohuang/godaemon v0.0.0-20230707135107-08ddcb884db5/go.mod h1:O04kATFq0lE/FF63BfL4BO4Bkyu1hlv8q19DGnJ8Jd0=
github.com/kardianos/osext v0.0.0-20190222173326-2bc1f35cddc0 h1:iQTw/8FWTuc7uiaSepXwyf3o52HaUYcV+Tu66S3F5GA=
github.com/kardianos/osext v0.0.0-20190222173326-2bc1f35cddc0/go.mod h1:1NbS8ALrpOvjt0rHPNLyCIeMtbizbir8U//inJ+zuB8=
github.com/xo/dburl v0.16.0 h1:jlBeGe8fnsW+vBYemte903WHQbJnZx7OpJZy2ofq+5g=
github.com/xo/dburl v0.16.0/go.mod h1:B7/G9FGungw6ighV8xJNwWYQPMfn3gsi2sn5SE8Bzco=
golang.org/x/sys v0.8.0 h1:EBmGv8NaZBZTWvrbjNoL6HVt+IVy3QDQpJs7VRIw3tU=
golang.org/x/sys v0.8.0/go.mod h1:oPkhp1MJrh7nUepCBck5+mAzfO9JrbApNNgaTdGDITg=
gopkg.in/check.v1 v0.0.0-20161208181325-20d25e280405 h1:yhCVgyC4o1eVCa2tZl7eS0r+SDo693bJlVdllGtEeKM=
gopkg.in/check.v1 v0.0.0-20161208181325-20d25e280405/go.mod h1:Co6ibVJAznAaIkqp8huTwlJQCZ016jof/cbN4VW5Yz0=
gopkg.in/yaml.v3 v3.0.1 h1:fxVm/GzAzEWqLHuvctI91KS9hhNmmWOoWu0XTYJS7CA=
gopkg.in/yaml.v3 v3.0.1/go.mod h1:K4uyk7z7BCEPqu6E+C64Yfv1cQ7kz7rIZviUmN+EgEM=
